// !$*UTF8*$!
{
	archiveVersion = 1;
	classes = {
	};
	objectVersion = 56;
	objects = {

/* Begin PBXBuildFile section */
		CF3281CC2C6C5D1600E58389 /* demoApp.swift in Sources */ = {isa = PBXBuildFile; fileRef = CF3281CB2C6C5D1600E58389 /* demoApp.swift */; };
		CF3281CE2C6C5D1600E58389 /* ContentView.swift in Sources */ = {isa = PBXBuildFile; fileRef = CF3281CD2C6C5D1600E58389 /* ContentView.swift */; };
		CF3281D02C6C5D1800E58389 /* Assets.xcassets in Resources */ = {isa = PBXBuildFile; fileRef = CF3281CF2C6C5D1800E58389 /* Assets.xcassets */; };
		CF3281D32C6C5D1800E58389 /* Preview Assets.xcassets in Resources */ = {isa = PBXBuildFile; fileRef = CF3281D22C6C5D1800E58389 /* Preview Assets.xcassets */; };
		CF3281D92C6C5D1800E58389 /* demo Watch App.app in Embed Watch Content */ = {isa = PBXBuildFile; fileRef = CF3281D82C6C5D1800E58389 /* demo Watch App.app */; settings = {ATTRIBUTES = (RemoveHeadersOnCopy, ); }; };
		CF3281DE2C6C5D1800E58389 /* demoApp.swift in Sources */ = {isa = PBXBuildFile; fileRef = CF3281DD2C6C5D1800E58389 /* demoApp.swift */; };
		CF3281E02C6C5D1800E58389 /* ContentView.swift in Sources */ = {isa = PBXBuildFile; fileRef = CF3281DF2C6C5D1800E58389 /* ContentView.swift */; };
		CF3281E22C6C5D1900E58389 /* Assets.xcassets in Resources */ = {isa = PBXBuildFile; fileRef = CF3281E12C6C5D1900E58389 /* Assets.xcassets */; };
		CF3281E52C6C5D1900E58389 /* Preview Assets.xcassets in Resources */ = {isa = PBXBuildFile; fileRef = CF3281E42C6C5D1900E58389 /* Preview Assets.xcassets */; };
/* End PBXBuildFile section */

/* Begin PBXContainerItemProxy section */
		CF3281DA2C6C5D1800E58389 /* PBXContainerItemProxy */ = {
			isa = PBXContainerItemProxy;
			containerPortal = CF3281C02C6C5D1600E58389 /* Project object */;
			proxyType = 1;
			remoteGlobalIDString = CF3281D72C6C5D1800E58389;
			remoteInfo = "demo Watch App";
		};
/* End PBXContainerItemProxy section */

/* Begin PBXCopyFilesBuildPhase section */
		CF3281EB2C6C5D1900E58389 /* Embed Watch Content */ = {
			isa = PBXCopyFilesBuildPhase;
			buildActionMask = 2147483647;
			dstPath = "$(CONTENTS_FOLDER_PATH)/Watch";
			dstSubfolderSpec = 16;
			files = (
				CF3281D92C6C5D1800E58389 /* demo Watch App.app in Embed Watch Content */,
			);
			name = "Embed Watch Content";
			runOnlyForDeploymentPostprocessing = 0;
		};
/* End PBXCopyFilesBuildPhase section */

/* Begin PBXFileReference section */
		CF3281C82C6C5D1600E58389 /* demo.app */ = {isa = PBXFileReference; explicitFileType = wrapper.application; includeInIndex = 0; path = demo.app; sourceTree = BUILT_PRODUCTS_DIR; };
		CF3281CB2C6C5D1600E58389 /* demoApp.swift */ = {isa = PBXFileReference; lastKnownFileType = sourcecode.swift; path = demoApp.swift; sourceTree = "<group>"; };
		CF3281CD2C6C5D1600E58389 /* ContentView.swift */ = {isa = PBXFileReference; lastKnownFileType = sourcecode.swift; path = ContentView.swift; sourceTree = "<group>"; };
		CF3281CF2C6C5D1800E58389 /* Assets.xcassets */ = {isa = PBXFileReference; lastKnownFileType = folder.assetcatalog; path = Assets.xcassets; sourceTree = "<group>"; };
		CF3281D22C6C5D1800E58389 /* Preview Assets.xcassets */ = {isa = PBXFileReference; lastKnownFileType = folder.assetcatalog; path = "Preview Assets.xcassets"; sourceTree = "<group>"; };
		CF3281D82C6C5D1800E58389 /* demo Watch App.app */ = {isa = PBXFileReference; explicitFileType = wrapper.application; includeInIndex = 0; path = "demo Watch App.app"; sourceTree = BUILT_PRODUCTS_DIR; };
		CF3281DD2C6C5D1800E58389 /* demoApp.swift */ = {isa = PBXFileReference; lastKnownFileType = sourcecode.swift; path = demoApp.swift; sourceTree = "<group>"; };
		CF3281DF2C6C5D1800E58389 /* ContentView.swift */ = {isa = PBXFileReference; lastKnownFileType = sourcecode.swift; path = ContentView.swift; sourceTree = "<group>"; };
		CF3281E12C6C5D1900E58389 /* Assets.xcassets */ = {isa = PBXFileReference; lastKnownFileType = folder.assetcatalog; path = Assets.xcassets; sourceTree = "<group>"; };
		CF3281E42C6C5D1900E58389 /* Preview Assets.xcassets */ = {isa = PBXFileReference; lastKnownFileType = folder.assetcatalog; path = "Preview Assets.xcassets"; sourceTree = "<group>"; };
/* End PBXFileReference section */

/* Begin PBXFrameworksBuildPhase section */
		CF3281C52C6C5D1600E58389 /* Frameworks */ = {
			isa = PBXFrameworksBuildPhase;
			buildActionMask = 2147483647;
			files = (
			);
			runOnlyForDeploymentPostprocessing = 0;
		};
		CF3281D52C6C5D1800E58389 /* Frameworks */ = {
			isa = PBXFrameworksBuildPhase;
			buildActionMask = 2147483647;
			files = (
			);
			runOnlyForDeploymentPostprocessing = 0;
		};
/* End PBXFrameworksBuildPhase section */

/* Begin PBXGroup section */
		CF3281BF2C6C5D1600E58389 = {
			isa = PBXGroup;
			children = (
				CF3281CA2C6C5D1600E58389 /* demo */,
				CF3281DC2C6C5D1800E58389 /* demo Watch App */,
				CF3281C92C6C5D1600E58389 /* Products */,
			);
			sourceTree = "<group>";
		};
		CF3281C92C6C5D1600E58389 /* Products */ = {
			isa = PBXGroup;
			children = (
				CF3281C82C6C5D1600E58389 /* demo.app */,
				CF3281D82C6C5D1800E58389 /* demo Watch App.app */,
			);
			name = Products;
			sourceTree = "<group>";
		};
		CF3281CA2C6C5D1600E58389 /* demo */ = {
			isa = PBXGroup;
			children = (
				CF3281CB2C6C5D1600E58389 /* demoApp.swift */,
				CF3281CD2C6C5D1600E58389 /* ContentView.swift */,
				CF3281CF2C6C5D1800E58389 /* Assets.xcassets */,
				CF3281D12C6C5D1800E58389 /* Preview Content */,
			);
			path = demo;
			sourceTree = "<group>";
		};
		CF3281D12C6C5D1800E58389 /* Preview Content */ = {
			isa = PBXGroup;
			children = (
				CF3281D22C6C5D1800E58389 /* Preview Assets.xcassets */,
			);
			path = "Preview Content";
			sourceTree = "<group>";
		};
		CF3281DC2C6C5D1800E58389 /* demo Watch App */ = {
			isa = PBXGroup;
			children = (
				CF3281DD2C6C5D1800E58389 /* demoApp.swift */,
				CF3281DF2C6C5D1800E58389 /* ContentView.swift */,
				CF3281E12C6C5D1900E58389 /* Assets.xcassets */,
				CF3281E32C6C5D1900E58389 /* Preview Content */,
			);
			path = "demo Watch App";
			sourceTree = "<group>";
		};
		CF3281E32C6C5D1900E58389 /* Preview Content */ = {
			isa = PBXGroup;
			children = (
				CF3281E42C6C5D1900E58389 /* Preview Assets.xcassets */,
			);
			path = "Preview Content";
			sourceTree = "<group>";
		};
/* End PBXGroup section */

/* Begin PBXNativeTarget section */
		CF3281C72C6C5D1600E58389 /* demo */ = {
			isa = PBXNativeTarget;
			buildConfigurationList = CF3281EC2C6C5D1900E58389 /* Build configuration list for PBXNativeTarget "demo" */;
			buildPhases = (
				CF3281C42C6C5D1600E58389 /* Sources */,
				CF3281C52C6C5D1600E58389 /* Frameworks */,
				CF3281C62C6C5D1600E58389 /* Resources */,
				CF3281EB2C6C5D1900E58389 /* Embed Watch Content */,
			);
			buildRules = (
			);
			dependencies = (
				CF3281DB2C6C5D1800E58389 /* PBXTargetDependency */,
			);
			name = demo;
			productName = demo;
			productReference = CF3281C82C6C5D1600E58389 /* demo.app */;
			productType = "com.apple.product-type.application";
		};
		CF3281D72C6C5D1800E58389 /* demo Watch App */ = {
			isa = PBXNativeTarget;
			buildConfigurationList = CF3281E82C6C5D1900E58389 /* Build configuration list for PBXNativeTarget "demo Watch App" */;
			buildPhases = (
				CF3281D42C6C5D1800E58389 /* Sources */,
				CF3281D52C6C5D1800E58389 /* Frameworks */,
				CF3281D62C6C5D1800E58389 /* Resources */,
			);
			buildRules = (
			);
			dependencies = (
			);
			name = "demo Watch App";
			productName = "demo Watch App";
			productReference = CF3281D82C6C5D1800E58389 /* demo Watch App.app */;
			productType = "com.apple.product-type.application";
		};
/* End PBXNativeTarget section */

/* Begin PBXProject section */
		CF3281C02C6C5D1600E58389 /* Project object */ = {
			isa = PBXProject;
			attributes = {
				BuildIndependentTargetsInParallel = 1;
				LastSwiftUpdateCheck = 1540;
				LastUpgradeCheck = 1540;
				TargetAttributes = {
					CF3281C72C6C5D1600E58389 = {
						CreatedOnToolsVersion = 15.4;
					};
					CF3281D72C6C5D1800E58389 = {
						CreatedOnToolsVersion = 15.4;
					};
				};
			};
			buildConfigurationList = CF3281C32C6C5D1600E58389 /* Build configuration list for PBXProject "demo" */;
			compatibilityVersion = "Xcode 14.0";
			developmentRegion = en;
			hasScannedForEncodings = 0;
			knownRegions = (
				en,
				Base,
			);
			mainGroup = CF3281BF2C6C5D1600E58389;
			productRefGroup = CF3281C92C6C5D1600E58389 /* Products */;
			projectDirPath = "";
			projectRoot = "";
			targets = (
				CF3281C72C6C5D1600E58389 /* demo */,
				CF3281D72C6C5D1800E58389 /* demo Watch App */,
			);
		};
/* End PBXProject section */

/* Begin PBXResourcesBuildPhase section */
		CF3281C62C6C5D1600E58389 /* Resources */ = {
			isa = PBXResourcesBuildPhase;
			buildActionMask = 2147483647;
			files = (
				CF3281D32C6C5D1800E58389 /* Preview Assets.xcassets in Resources */,
				CF3281D02C6C5D1800E58389 /* Assets.xcassets in Resources */,
			);
			runOnlyForDeploymentPostprocessing = 0;
		};
		CF3281D62C6C5D1800E58389 /* Resources */ = {
			isa = PBXResourcesBuildPhase;
			buildActionMask = 2147483647;
			files = (
				CF3281E52C6C5D1900E58389 /* Preview Assets.xcassets in Resources */,
				CF3281E22C6C5D1900E58389 /* Assets.xcassets in Resources */,
			);
			runOnlyForDeploymentPostprocessing = 0;
		};
/* End PBXResourcesBuildPhase section */

/* Begin PBXSourcesBuildPhase section */
		CF3281C42C6C5D1600E58389 /* Sources */ = {
			isa = PBXSourcesBuildPhase;
			buildActionMask = 2147483647;
			files = (
				CF3281CE2C6C5D1600E58389 /* ContentView.swift in Sources */,
				CF3281CC2C6C5D1600E58389 /* demoApp.swift in Sources */,
			);
			runOnlyForDeploymentPostprocessing = 0;
		};
		CF3281D42C6C5D1800E58389 /* Sources */ = {
			isa = PBXSourcesBuildPhase;
			buildActionMask = 2147483647;
			files = (
				CF3281E02C6C5D1800E58389 /* ContentView.swift in Sources */,
				CF3281DE2C6C5D1800E58389 /* demoApp.swift in Sources */,
			);
			runOnlyForDeploymentPostprocessing = 0;
		};
/* End PBXSourcesBuildPhase section */

/* Begin PBXTargetDependency section */
		CF3281DB2C6C5D1800E58389 /* PBXTargetDependency */ = {
			isa = PBXTargetDependency;
			target = CF3281D72C6C5D1800E58389 /* demo Watch App */;
			targetProxy = CF3281DA2C6C5D1800E58389 /* PBXContainerItemProxy */;
		};
/* End PBXTargetDependency section */

/* Begin XCBuildConfiguration section */
		CF3281E62C6C5D1900E58389 /* Debug */ = {
			isa = XCBuildConfiguration;
			buildSettings = {
				ALWAYS_SEARCH_USER_PATHS = NO;
				ASSETCATALOG_COMPILER_GENERATE_SWIFT_ASSET_SYMBOL_EXTENSIONS = YES;
				CLANG_ANALYZER_NONNULL = YES;
				CLANG_ANALYZER_NUMBER_OBJECT_CONVERSION = YES_AGGRESSIVE;
				CLANG_CXX_LANGUAGE_STANDARD = "gnu++20";
				CLANG_ENABLE_MODULES = YES;
				CLANG_ENABLE_OBJC_ARC = YES;
				CLANG_ENABLE_OBJC_WEAK = YES;
				CLANG_WARN_BLOCK_CAPTURE_AUTORELEASING = YES;
				CLANG_WARN_BOOL_CONVERSION = YES;
				CLANG_WARN_COMMA = YES;
				CLANG_WARN_CONSTANT_CONVERSION = YES;
				CLANG_WARN_DEPRECATED_OBJC_IMPLEMENTATIONS = YES;
				CLANG_WARN_DIRECT_OBJC_ISA_USAGE = YES_ERROR;
				CLANG_WARN_DOCUMENTATION_COMMENTS = YES;
				CLANG_WARN_EMPTY_BODY = YES;
				CLANG_WARN_ENUM_CONVERSION = YES;
				CLANG_WARN_INFINITE_RECURSION = YES;
				CLANG_WARN_INT_CONVERSION = YES;
				CLANG_WARN_NON_LITERAL_NULL_CONVERSION = YES;
				CLANG_WARN_OBJC_IMPLICIT_RETAIN_SELF = YES;
				CLANG_WARN_OBJC_LITERAL_CONVERSION = YES;
				CLANG_WARN_OBJC_ROOT_CLASS = YES_ERROR;
				CLANG_WARN_QUOTED_INCLUDE_IN_FRAMEWORK_HEADER = YES;
				CLANG_WARN_RANGE_LOOP_ANALYSIS = YES;
				CLANG_WARN_STRICT_PROTOTYPES = YES;
				CLANG_WARN_SUSPICIOUS_MOVE = YES;
				CLANG_WARN_UNGUARDED_AVAILABILITY = YES_AGGRESSIVE;
				CLANG_WARN_UNREACHABLE_CODE = YES;
				CLANG_WARN__DUPLICATE_METHOD_MATCH = YES;
				COPY_PHASE_STRIP = NO;
				DEBUG_INFORMATION_FORMAT = dwarf;
				ENABLE_STRICT_OBJC_MSGSEND = YES;
				ENABLE_TESTABILITY = YES;
				ENABLE_USER_SCRIPT_SANDBOXING = YES;
				GCC_C_LANGUAGE_STANDARD = gnu17;
				GCC_DYNAMIC_NO_PIC = NO;
				GCC_NO_COMMON_BLOCKS = YES;
				GCC_OPTIMIZATION_LEVEL = 0;
				GCC_PREPROCESSOR_DEFINITIONS = (
					"DEBUG=1",
					"$(inherited)",
				);
				GCC_WARN_64_TO_32_BIT_CONVERSION = YES;
				GCC_WARN_ABOUT_RETURN_TYPE = YES_ERROR;
				GCC_WARN_UNDECLARED_SELECTOR = YES;
				GCC_WARN_UNINITIALIZED_AUTOS = YES_AGGRESSIVE;
				GCC_WARN_UNUSED_FUNCTION = YES;
				GCC_WARN_UNUSED_VARIABLE = YES;
				LOCALIZATION_PREFERS_STRING_CATALOGS = YES;
				MTL_ENABLE_DEBUG_INFO = INCLUDE_SOURCE;
				MTL_FAST_MATH = YES;
				ONLY_ACTIVE_ARCH = YES;
				SWIFT_ACTIVE_COMPILATION_CONDITIONS = "DEBUG $(inherited)";
				SWIFT_OPTIMIZATION_LEVEL = "-Onone";
			};
			name = Debug;
		};
		CF3281E72C6C5D1900E58389 /* Release */ = {
			isa = XCBuildConfiguration;
			buildSettings = {
				ALWAYS_SEARCH_USER_PATHS = NO;
				ASSETCATALOG_COMPILER_GENERATE_SWIFT_ASSET_SYMBOL_EXTENSIONS = YES;
				CLANG_ANALYZER_NONNULL = YES;
				CLANG_ANALYZER_NUMBER_OBJECT_CONVERSION = YES_AGGRESSIVE;
				CLANG_CXX_LANGUAGE_STANDARD = "gnu++20";
				CLANG_ENABLE_MODULES = YES;
				CLANG_ENABLE_OBJC_ARC = YES;
				CLANG_ENABLE_OBJC_WEAK = YES;
				CLANG_WARN_BLOCK_CAPTURE_AUTORELEASING = YES;
				CLANG_WARN_BOOL_CONVERSION = YES;
				CLANG_WARN_COMMA = YES;
				CLANG_WARN_CONSTANT_CONVERSION = YES;
				CLANG_WARN_DEPRECATED_OBJC_IMPLEMENTATIONS = YES;
				CLANG_WARN_DIRECT_OBJC_ISA_USAGE = YES_ERROR;
				CLANG_WARN_DOCUMENTATION_COMMENTS = YES;
				CLANG_WARN_EMPTY_BODY = YES;
				CLANG_WARN_ENUM_CONVERSION = YES;
				CLANG_WARN_INFINITE_RECURSION = YES;
				CLANG_WARN_INT_CONVERSION = YES;
				CLANG_WARN_NON_LITERAL_NULL_CONVERSION = YES;
				CLANG_WARN_OBJC_IMPLICIT_RETAIN_SELF = YES;
				CLANG_WARN_OBJC_LITERAL_CONVERSION = YES;
				CLANG_WARN_OBJC_ROOT_CLASS = YES_ERROR;
				CLANG_WARN_QUOTED_INCLUDE_IN_FRAMEWORK_HEADER = YES;
				CLANG_WARN_RANGE_LOOP_ANALYSIS = YES;
				CLANG_WARN_STRICT_PROTOTYPES = YES;
				CLANG_WARN_SUSPICIOUS_MOVE = YES;
				CLANG_WARN_UNGUARDED_AVAILABILITY = YES_AGGRESSIVE;
				CLANG_WARN_UNREACHABLE_CODE = YES;
				CLANG_WARN__DUPLICATE_METHOD_MATCH = YES;
				COPY_PHASE_STRIP = NO;
				DEBUG_INFORMATION_FORMAT = "dwarf-with-dsym";
				ENABLE_NS_ASSERTIONS = NO;
				ENABLE_STRICT_OBJC_MSGSEND = YES;
				ENABLE_USER_SCRIPT_SANDBOXING = YES;
				GCC_C_LANGUAGE_STANDARD = gnu17;
				GCC_NO_COMMON_BLOCKS = YES;
				GCC_WARN_64_TO_32_BIT_CONVERSION = YES;
				GCC_WARN_ABOUT_RETURN_TYPE = YES_ERROR;
				GCC_WARN_UNDECLARED_SELECTOR = YES;
				GCC_WARN_UNINITIALIZED_AUTOS = YES_AGGRESSIVE;
				GCC_WARN_UNUSED_FUNCTION = YES;
				GCC_WARN_UNUSED_VARIABLE = YES;
				LOCALIZATION_PREFERS_STRING_CATALOGS = YES;
				MTL_ENABLE_DEBUG_INFO = NO;
				MTL_FAST_MATH = YES;
				SWIFT_COMPILATION_MODE = wholemodule;
			};
			name = Release;
		};
		CF3281E92C6C5D1900E58389 /* Debug */ = {
			isa = XCBuildConfiguration;
			buildSettings = {
				ASSETCATALOG_COMPILER_APPICON_NAME = AppIcon;
				ASSETCATALOG_COMPILER_GLOBAL_ACCENT_COLOR_NAME = AccentColor;
				CODE_SIGN_STYLE = Automatic;
				CURRENT_PROJECT_VERSION = 1;
				DEVELOPMENT_ASSET_PATHS = "\"demo Watch App/Preview Content\"";
				DEVELOPMENT_TEAM = QTD33HXD54;
				ENABLE_PREVIEWS = YES;
				GENERATE_INFOPLIST_FILE = YES;
				INFOPLIST_KEY_CFBundleDisplayName = demo;
				INFOPLIST_KEY_UISupportedInterfaceOrientations = "UIInterfaceOrientationPortrait UIInterfaceOrientationPortraitUpsideDown";
				INFOPLIST_KEY_WKCompanionAppBundleIdentifier = lismin.demo;
				LD_RUNPATH_SEARCH_PATHS = (
					"$(inherited)",
					"@executable_path/Frameworks",
				);
				MARKETING_VERSION = 1.0;
				PRODUCT_BUNDLE_IDENTIFIER = lismin.demo.watchkitapp;
				PRODUCT_NAME = "$(TARGET_NAME)";
				SDKROOT = watchos;
				SKIP_INSTALL = YES;
				SWIFT_EMIT_LOC_STRINGS = YES;
				SWIFT_VERSION = 5.0;
				TARGETED_DEVICE_FAMILY = 4;
				WATCHOS_DEPLOYMENT_TARGET = 10.5;
			};
			name = Debug;
		};
		CF3281EA2C6C5D1900E58389 /* Release */ = {
			isa = XCBuildConfiguration;
			buildSettings = {
				ASSETCATALOG_COMPILER_APPICON_NAME = AppIcon;
				ASSETCATALOG_COMPILER_GLOBAL_ACCENT_COLOR_NAME = AccentColor;
				CODE_SIGN_STYLE = Automatic;
				CURRENT_PROJECT_VERSION = 1;
				DEVELOPMENT_ASSET_PATHS = "\"demo Watch App/Preview Content\"";
				DEVELOPMENT_TEAM = QTD33HXD54;
				ENABLE_PREVIEWS = YES;
				GENERATE_INFOPLIST_FILE = YES;
				INFOPLIST_KEY_CFBundleDisplayName = demo;
				INFOPLIST_KEY_UISupportedInterfaceOrientations = "UIInterfaceOrientationPortrait UIInterfaceOrientationPortraitUpsideDown";
				INFOPLIST_KEY_WKCompanionAppBundleIdentifier = lismin.demo;
				LD_RUNPATH_SEARCH_PATHS = (
					"$(inherited)",
					"@executable_path/Frameworks",
				);
				MARKETING_VERSION = 1.0;
				PRODUCT_BUNDLE_IDENTIFIER = lismin.demo.watchkitapp;
				PRODUCT_NAME = "$(TARGET_NAME)";
				SDKROOT = watchos;
				SKIP_INSTALL = YES;
				SWIFT_EMIT_LOC_STRINGS = YES;
				SWIFT_VERSION = 5.0;
				TARGETED_DEVICE_FAMILY = 4;
				VALIDATE_PRODUCT = YES;
				WATCHOS_DEPLOYMENT_TARGET = 10.5;
			};
			name = Release;
		};
		CF3281ED2C6C5D1900E58389 /* Debug */ = {
			isa = XCBuildConfiguration;
			buildSettings = {
				ALWAYS_EMBED_SWIFT_STANDARD_LIBRARIES = YES;
				ASSETCATALOG_COMPILER_APPICON_NAME = AppIcon;
				ASSETCATALOG_COMPILER_GLOBAL_ACCENT_COLOR_NAME = AccentColor;
				CODE_SIGN_STYLE = Automatic;
				CURRENT_PROJECT_VERSION = 1;
				DEVELOPMENT_ASSET_PATHS = "\"demo/Preview Content\"";
				DEVELOPMENT_TEAM = QTD33HXD54;
				ENABLE_PREVIEWS = YES;
				GENERATE_INFOPLIST_FILE = YES;
				INFOPLIST_KEY_CFBundleDisplayName = demo;
				INFOPLIST_KEY_UIApplicationSceneManifest_Generation = YES;
				INFOPLIST_KEY_UIApplicationSupportsIndirectInputEvents = YES;
				INFOPLIST_KEY_UILaunchScreen_Generation = YES;
				INFOPLIST_KEY_UISupportedInterfaceOrientations_iPad = "UIInterfaceOrientationPortrait UIInterfaceOrientationPortraitUpsideDown UIInterfaceOrientationLandscapeLeft UIInterfaceOrientationLandscapeRight";
				INFOPLIST_KEY_UISupportedInterfaceOrientations_iPhone = "UIInterfaceOrientationPortrait UIInterfaceOrientationLandscapeLeft UIInterfaceOrientationLandscapeRight";
				IPHONEOS_DEPLOYMENT_TARGET = 17.5;
				LD_RUNPATH_SEARCH_PATHS = (
					"$(inherited)",
					"@executable_path/Frameworks",
				);
				MARKETING_VERSION = 1.0;
				PRODUCT_BUNDLE_IDENTIFIER = lismin.demo;
				PRODUCT_NAME = "$(TARGET_NAME)";
				SDKROOT = iphoneos;
				SWIFT_EMIT_LOC_STRINGS = YES;
				SWIFT_VERSION = 5.0;
				TARGETED_DEVICE_FAMILY = "1,2";
			};
			name = Debug;
		};
		CF3281EE2C6C5D1900E58389 /* Release */ = {
			isa = XCBuildConfiguration;
			buildSettings = {
				ALWAYS_EMBED_SWIFT_STANDARD_LIBRARIES = YES;
				ASSETCATALOG_COMPILER_APPICON_NAME = AppIcon;
				ASSETCATALOG_COMPILER_GLOBAL_ACCENT_COLOR_NAME = AccentColor;
				CODE_SIGN_STYLE = Automatic;
				CURRENT_PROJECT_VERSION = 1;
				DEVELOPMENT_ASSET_PATHS = "\"demo/Preview Content\"";
				DEVELOPMENT_TEAM = QTD33HXD54;
				ENABLE_PREVIEWS = YES;
				GENERATE_INFOPLIST_FILE = YES;
				INFOPLIST_KEY_CFBundleDisplayName = demo;
				INFOPLIST_KEY_UIApplicationSceneManifest_Generation = YES;
				INFOPLIST_KEY_UIApplicationSupportsIndirectInputEvents = YES;
				INFOPLIST_KEY_UILaunchScreen_Generation = YES;
				INFOPLIST_KEY_UISupportedInterfaceOrientations_iPad = "UIInterfaceOrientationPortrait UIInterfaceOrientationPortraitUpsideDown UIInterfaceOrientationLandscapeLeft UIInterfaceOrientationLandscapeRight";
				INFOPLIST_KEY_UISupportedInterfaceOrientations_iPhone = "UIInterfaceOrientationPortrait UIInterfaceOrientationLandscapeLeft UIInterfaceOrientationLandscapeRight";
				IPHONEOS_DEPLOYMENT_TARGET = 17.5;
				LD_RUNPATH_SEARCH_PATHS = (
					"$(inherited)",
					"@executable_path/Frameworks",
				);
				MARKETING_VERSION = 1.0;
				PRODUCT_BUNDLE_IDENTIFIER = lismin.demo;
				PRODUCT_NAME = "$(TARGET_NAME)";
				SDKROOT = iphoneos;
				SWIFT_EMIT_LOC_STRINGS = YES;
				SWIFT_VERSION = 5.0;
				TARGETED_DEVICE_FAMILY = "1,2";
				VALIDATE_PRODUCT = YES;
			};
			name = Release;
		};
/* End XCBuildConfiguration section */

/* Begin XCConfigurationList section */
		CF3281C32C6C5D1600E58389 /* Build configuration list for PBXProject "demo" */ = {
			isa = XCConfigurationList;
			buildConfigurations = (
				CF3281E62C6C5D1900E58389 /* Debug */,
				CF3281E72C6C5D1900E58389 /* Release */,
			);
			defaultConfigurationIsVisible = 0;
			defaultConfigurationName = Release;
		};
		CF3281E82C6C5D1900E58389 /* Build configuration list for PBXNativeTarget "demo Watch App" */ = {
			isa = XCConfigurationList;
			buildConfigurations = (
				CF3281E92C6C5D1900E58389 /* Debug */,
				CF3281EA2C6C5D1900E58389 /* Release */,
			);
			defaultConfigurationIsVisible = 0;
			defaultConfigurationName = Release;
		};
		CF3281EC2C6C5D1900E58389 /* Build configuration list for PBXNativeTarget "demo" */ = {
			isa = XCConfigurationList;
			buildConfigurations = (
				CF3281ED2C6C5D1900E58389 /* Debug */,
				CF3281EE2C6C5D1900E58389 /* Release */,
			);
			defaultConfigurationIsVisible = 0;
			defaultConfigurationName = Release;
		};
/* End XCConfigurationList section */
	};
	rootObject = CF3281C02C6C5D1600E58389 /* Project object */;
}
